{
  "name": "maps",
  "lockfileVersion": 2,
  "requires": true,
  "packages": {
    "": {
      "dependencies": {
        "@types/yandex-maps": "^2.1.29",
        "ymaps": "^0.2.1"
      },
      "devDependencies": {
        "@faker-js/faker": "^7.6.0"
      }
    },
    "node_modules/@faker-js/faker": {
      "version": "7.6.0",
      "resolved": "https://registry.npmjs.org/@faker-js/faker/-/faker-7.6.0.tgz",
      "integrity": "sha512-XK6BTq1NDMo9Xqw/YkYyGjSsg44fbNwYRx7QK2CuoQgyy+f1rrTDHoExVM5PsyXCtfl2vs2vVJ0MN0yN6LppRw==",
      "dev": true,
      "engines": {
        "node": ">=14.0.0",
        "npm": ">=6.0.0"
      }
    },
    "node_modules/@types/yandex-maps": {
      "version": "2.1.29",
      "resolved": "https://registry.npmjs.org/@types/yandex-maps/-/yandex-maps-2.1.29.tgz",
      "integrity": "sha512-nuibRWj3RU/9KXlCzTrRtDE+n6V9l7NbT9JakicqZ5OXIdwyb6blvV2Uwn6lB58WYm3DSUDP2I2AWlnWMc8z2w=="
    },
    "node_modules/ymaps": {
      "version": "0.2.1",
      "resolved": "https://registry.npmjs.org/ymaps/-/ymaps-0.2.1.tgz",
      "integrity": "sha512-7PXl4mwipFyqBuyWsphOEEP+9wlkIyNKcXlhrWi+mX8R9m9Fz1bNdPGSMdAw3zTZRq4vjOQ7WIFFCvf7Q5UX/A=="
    }
  },
  "dependencies": {
    "@faker-js/faker": {
      "version": "7.6.0",
      "resolved": "https://registry.npmjs.org/@faker-js/faker/-/faker-7.6.0.tgz",
      "integrity": "sha512-XK6BTq1NDMo9Xqw/YkYyGjSsg44fbNwYRx7QK2CuoQgyy+f1rrTDHoExVM5PsyXCtfl2vs2vVJ0MN0yN6LppRw==",
      "dev": true
    },
    "@types/yandex-maps": {
      "version": "2.1.29",
      "resolved": "https://registry.npmjs.org/@types/yandex-maps/-/yandex-maps-2.1.29.tgz",
      "integrity": "sha512-nuibRWj3RU/9KXlCzTrRtDE+n6V9l7NbT9JakicqZ5OXIdwyb6blvV2Uwn6lB58WYm3DSUDP2I2AWlnWMc8z2w=="
    },
    "ymaps": {
      "version": "0.2.1",
      "resolved": "https://registry.npmjs.org/ymaps/-/ymaps-0.2.1.tgz",
      "integrity": "sha512-7PXl4mwipFyqBuyWsphOEEP+9wlkIyNKcXlhrWi+mX8R9m9Fz1bNdPGSMdAw3zTZRq4vjOQ7WIFFCvf7Q5UX/A=="
    }
  }
}
